
Microsoft Visual Studio Solution File, Format Version 12.00
# Visual Studio Version 16
VisualStudioVersion = 16.0.31613.86
MinimumVisualStudioVersion = 10.0.40219.1
Project("{9A19103F-16F7-4668-BE54-9A1E7A4F7556}") = "plugin3", "..\plugin3\plugin3.csproj", "{F1B0092E-F65B-4334-BAFE-613D7DAF0282}"
EndProject
Global
	GlobalSection(SolutionConfigurationPlatforms) = preSolution
		Debug|Any CPU = Debug|Any CPU
		Release|Any CPU = Release|Any CPU
	EndGlobalSection
	GlobalSection(ProjectConfigurationPlatforms) = postSolution
		{F1B0092E-F65B-4334-BAFE-613D7DAF0282}.Debug|Any CPU.ActiveCfg = Debug|Any CPU
		{F1B0092E-F65B-4334-BAFE-613D7DAF0282}.Debug|Any CPU.Build.0 = Debug|Any CPU
		{F1B0092E-F65B-4334-BAFE-613D7DAF0282}.Release|Any CPU.ActiveCfg = Release|Any CPU
		{F1B0092E-F65B-4334-BAFE-613D7DAF0282}.Release|Any CPU.Build.0 = Release|Any CPU
	EndGlobalSection
	GlobalSection(SolutionProperties) = preSolution
		HideSolutionNode = FALSE
	EndGlobalSection
	GlobalSection(ExtensibilityGlobals) = postSolution
		SolutionGuid = {56E347E8-D0D0-4D5E-BEF3-779C250951BA}
	EndGlobalSection
EndGlobal
